<?xml version="1.0" encoding="utf-8"?>
<Project ToolsVersion="4.0" xmlns="http://schemas.microsoft.com/developer/msbuild/2003">
  <ItemGroup>
    <Filter Include="Source Files">
      <UniqueIdentifier>{4FC737F1-C7A5-4376-A066-2A32D752A2FF}</UniqueIdentifier>
      <Extensions>cpp;c;cc;cxx;def;odl;idl;hpj;bat;asm;asmx</Extensions>
    </Filter>
    <Filter Include="Header Files">
      <UniqueIdentifier>{93995380-89BD-4b04-88EB-625FBE52EBFB}</UniqueIdentifier>
      <Extensions>h;hpp;hxx;hm;inl;inc;xsd</Extensions>
    </Filter>
    <Filter Include="Resource Files">
      <UniqueIdentifier>{67DA6AB6-F800-4c08-8B7A-83BB121AAD01}</UniqueIdentifier>
      <Extensions>rc;ico;cur;bmp;dlg;rc2;rct;bin;rgs;gif;jpg;jpeg;jpe;resx;tiff;tif;png;wav;mfcribbon-ms</Extensions>
    </Filter>
  </ItemGroup>
  <ItemGroup>
    <ClInclude Include="main.h">
      <Filter>Header Files</Filter>
    </ClInclude>
    <ClInclude Include="invert.h">
      <Filter>Header Files</Filter>
    </ClInclude>
    <ClInclude Include="cudaCommon.h">
      <Filter>Header Files</Filter>
    </ClInclude>
    <ClInclude Include="SingleImageProcessor.h">
      <Filter>Header Files</Filter>
    </ClInclude>
    <ClInclude Include="SingleCudaProcessor.h">
      <Filter>Header Files</Filter>
    </ClInclude>
    <ClInclude Include="CpuInvertFilter.h">
      <Filter>Header Files</Filter>
    </ClInclude>
    <ClInclude Include="SingleCudaTexProcessor.h">
      <Filter>Header Files</Filter>
    </ClInclude>
    <ClInclude Include="texInvert.h">
      <Filter>Header Files</Filter>
    </ClInclude>
    <ClInclude Include="tileFlip.h">
      <Filter>Header Files</Filter>
    </ClInclude>
    <ClInclude Include="texBoxBlur.h">
      <Filter>Header Files</Filter>
    </ClInclude>
  </ItemGroup>
  <ItemGroup>
    <ClCompile Include="main.cpp">
      <Filter>Source Files</Filter>
    </ClCompile>
    <ClCompile Include="cudaCommon.cpp">
      <Filter>Source Files</Filter>
    </ClCompile>
  </ItemGroup>
  <ItemGroup>
    <CudaCompile Include="invert.cu">
      <Filter>Source Files</Filter>
    </CudaCompile>
    <CudaCompile Include="TextureHeader.cu">
      <Filter>Source Files</Filter>
    </CudaCompile>
    <CudaCompile Include="SingleCudaTexProcessor.cu">
      <Filter>Source Files</Filter>
    </CudaCompile>
    <CudaCompile Include="texInvert.cu">
      <Filter>Source Files</Filter>
    </CudaCompile>
    <CudaCompile Include="tileFlip.cu">
      <Filter>Source Files</Filter>
    </CudaCompile>
    <CudaCompile Include="texBoxBlur.cu">
      <Filter>Source Files</Filter>
    </CudaCompile>
  </ItemGroup>
</Project>